// !$*UTF8*$!
{
	archiveVersion = 1;
	classes = {
	};
	objectVersion = 56;
	objects = {

/* Begin PBXBuildFile section */
		270EECB52965725100DD60DB /* AdFitSDK in Frameworks */ = {isa = PBXBuildFile; productRef = 270EECB42965725100DD60DB /* AdFitSDK */; };
		27E9C18E292C9C1D00EFC069 /* ViewTypeController.m in Sources */ = {isa = PBXBuildFile; fileRef = 27E9C18D292C9C1D00EFC069 /* ViewTypeController.m */; };
		27E9C191292C9C2B00EFC069 /* CellTypeController.m in Sources */ = {isa = PBXBuildFile; fileRef = 27E9C190292C9C2B00EFC069 /* CellTypeController.m */; };
		27FA30BB292C6F83004393E0 /* AppDelegate.m in Sources */ = {isa = PBXBuildFile; fileRef = 27FA30BA292C6F83004393E0 /* AppDelegate.m */; };
		27FA30BE292C6F83004393E0 /* SceneDelegate.m in Sources */ = {isa = PBXBuildFile; fileRef = 27FA30BD292C6F83004393E0 /* SceneDelegate.m */; };
		27FA30C1292C6F83004393E0 /* ViewController.m in Sources */ = {isa = PBXBuildFile; fileRef = 27FA30C0292C6F83004393E0 /* ViewController.m */; };
		27FA30C4292C6F83004393E0 /* Main.storyboard in Resources */ = {isa = PBXBuildFile; fileRef = 27FA30C2292C6F83004393E0 /* Main.storyboard */; };
		27FA30C6292C6F84004393E0 /* Assets.xcassets in Resources */ = {isa = PBXBuildFile; fileRef = 27FA30C5292C6F84004393E0 /* Assets.xcassets */; };
		27FA30C9292C6F84004393E0 /* LaunchScreen.storyboard in Resources */ = {isa = PBXBuildFile; fileRef = 27FA30C7292C6F84004393E0 /* LaunchScreen.storyboard */; };
		27FA30CC292C6F84004393E0 /* main.m in Sources */ = {isa = PBXBuildFile; fileRef = 27FA30CB292C6F84004393E0 /* main.m */; };
/* End PBXBuildFile section */

/* Begin PBXFileReference section */
		27E9C18C292C9C1D00EFC069 /* ViewTypeController.h */ = {isa = PBXFileReference; lastKnownFileType = sourcecode.c.h; path = ViewTypeController.h; sourceTree = "<group>"; };
		27E9C18D292C9C1D00EFC069 /* ViewTypeController.m */ = {isa = PBXFileReference; lastKnownFileType = sourcecode.c.objc; path = ViewTypeController.m; sourceTree = "<group>"; };
		27E9C18F292C9C2B00EFC069 /* CellTypeController.h */ = {isa = PBXFileReference; lastKnownFileType = sourcecode.c.h; path = CellTypeController.h; sourceTree = "<group>"; };
		27E9C190292C9C2B00EFC069 /* CellTypeController.m */ = {isa = PBXFileReference; lastKnownFileType = sourcecode.c.objc; path = CellTypeController.m; sourceTree = "<group>"; };
		27FA30B6292C6F83004393E0 /* BizboardSample.app */ = {isa = PBXFileReference; explicitFileType = wrapper.application; includeInIndex = 0; path = BizboardSample.app; sourceTree = BUILT_PRODUCTS_DIR; };
		27FA30B9292C6F83004393E0 /* AppDelegate.h */ = {isa = PBXFileReference; lastKnownFileType = sourcecode.c.h; path = AppDelegate.h; sourceTree = "<group>"; };
		27FA30BA292C6F83004393E0 /* AppDelegate.m */ = {isa = PBXFileReference; lastKnownFileType = sourcecode.c.objc; path = AppDelegate.m; sourceTree = "<group>"; };
		27FA30BC292C6F83004393E0 /* SceneDelegate.h */ = {isa = PBXFileReference; lastKnownFileType = sourcecode.c.h; path = SceneDelegate.h; sourceTree = "<group>"; };
		27FA30BD292C6F83004393E0 /* SceneDelegate.m */ = {isa = PBXFileReference; lastKnownFileType = sourcecode.c.objc; path = SceneDelegate.m; sourceTree = "<group>"; };
		27FA30BF292C6F83004393E0 /* ViewController.h */ = {isa = PBXFileReference; lastKnownFileType = sourcecode.c.h; path = ViewController.h; sourceTree = "<group>"; };
		27FA30C0292C6F83004393E0 /* ViewController.m */ = {isa = PBXFileReference; lastKnownFileType = sourcecode.c.objc; path = ViewController.m; sourceTree = "<group>"; };
		27FA30C3292C6F83004393E0 /* Base */ = {isa = PBXFileReference; lastKnownFileType = file.storyboard; name = Base; path = Base.lproj/Main.storyboard; sourceTree = "<group>"; };
		27FA30C5292C6F84004393E0 /* Assets.xcassets */ = {isa = PBXFileReference; lastKnownFileType = folder.assetcatalog; path = Assets.xcassets; sourceTree = "<group>"; };
		27FA30C8292C6F84004393E0 /* Base */ = {isa = PBXFileReference; lastKnownFileType = file.storyboard; name = Base; path = Base.lproj/LaunchScreen.storyboard; sourceTree = "<group>"; };
		27FA30CA292C6F84004393E0 /* Info.plist */ = {isa = PBXFileReference; lastKnownFileType = text.plist.xml; path = Info.plist; sourceTree = "<group>"; };
		27FA30CB292C6F84004393E0 /* main.m */ = {isa = PBXFileReference; lastKnownFileType = sourcecode.c.objc; path = main.m; sourceTree = "<group>"; };
/* End PBXFileReference section */

/* Begin PBXFrameworksBuildPhase section */
		27FA30B3292C6F83004393E0 /* Frameworks */ = {
			isa = PBXFrameworksBuildPhase;
			buildActionMask = 2147483647;
			files = (
				270EECB52965725100DD60DB /* AdFitSDK in Frameworks */,
			);
			runOnlyForDeploymentPostprocessing = 0;
		};
/* End PBXFrameworksBuildPhase section */

/* Begin PBXGroup section */
		27FA30AD292C6F83004393E0 = {
			isa = PBXGroup;
			children = (
				27FA30B8292C6F83004393E0 /* BizboardSample */,
				27FA30B7292C6F83004393E0 /* Products */,
			);
			sourceTree = "<group>";
		};
		27FA30B7292C6F83004393E0 /* Products */ = {
			isa = PBXGroup;
			children = (
				27FA30B6292C6F83004393E0 /* BizboardSample.app */,
			);
			name = Products;
			sourceTree = "<group>";
		};
		27FA30B8292C6F83004393E0 /* BizboardSample */ = {
			isa = PBXGroup;
			children = (
				27FA30B9292C6F83004393E0 /* AppDelegate.h */,
				27FA30BA292C6F83004393E0 /* AppDelegate.m */,
				27FA30BC292C6F83004393E0 /* SceneDelegate.h */,
				27FA30BD292C6F83004393E0 /* SceneDelegate.m */,
				27FA30BF292C6F83004393E0 /* ViewController.h */,
				27FA30C0292C6F83004393E0 /* ViewController.m */,
				27E9C18C292C9C1D00EFC069 /* ViewTypeController.h */,
				27E9C18D292C9C1D00EFC069 /* ViewTypeController.m */,
				27E9C18F292C9C2B00EFC069 /* CellTypeController.h */,
				27E9C190292C9C2B00EFC069 /* CellTypeController.m */,
				27FA30C2292C6F83004393E0 /* Main.storyboard */,
				27FA30C5292C6F84004393E0 /* Assets.xcassets */,
				27FA30C7292C6F84004393E0 /* LaunchScreen.storyboard */,
				27FA30CA292C6F84004393E0 /* Info.plist */,
				27FA30CB292C6F84004393E0 /* main.m */,
			);
			path = BizboardSample;
			sourceTree = "<group>";
		};
/* End PBXGroup section */

/* Begin PBXNativeTarget section */
		27FA30B5292C6F83004393E0 /* BizboardSample */ = {
			isa = PBXNativeTarget;
			buildConfigurationList = 27FA30CF292C6F84004393E0 /* Build configuration list for PBXNativeTarget "BizboardSample" */;
			buildPhases = (
				27FA30B2292C6F83004393E0 /* Sources */,
				27FA30B3292C6F83004393E0 /* Frameworks */,
				27FA30B4292C6F83004393E0 /* Resources */,
			);
			buildRules = (
			);
			dependencies = (
			);
			name = BizboardSample;
			packageProductDependencies = (
				270EECB42965725100DD60DB /* AdFitSDK */,
			);
			productName = BizboardSample;
			productReference = 27FA30B6292C6F83004393E0 /* BizboardSample.app */;
			productType = "com.apple.product-type.application";
		};
/* End PBXNativeTarget section */

/* Begin PBXProject section */
		27FA30AE292C6F83004393E0 /* Project object */ = {
			isa = PBXProject;
			attributes = {
				BuildIndependentTargetsInParallel = 1;
				LastUpgradeCheck = 1400;
				TargetAttributes = {
					27FA30B5292C6F83004393E0 = {
						CreatedOnToolsVersion = 14.0.1;
					};
				};
			};
			buildConfigurationList = 27FA30B1292C6F83004393E0 /* Build configuration list for PBXProject "BizboardSample" */;
			compatibilityVersion = "Xcode 14.0";
			developmentRegion = en;
			hasScannedForEncodings = 0;
			knownRegions = (
				en,
				Base,
			);
			mainGroup = 27FA30AD292C6F83004393E0;
			packageReferences = (
				270EECB32965725100DD60DB /* XCRemoteSwiftPackageReference "adfit-spm" */,
			);
			productRefGroup = 27FA30B7292C6F83004393E0 /* Products */;
			projectDirPath = "";
			projectRoot = "";
			targets = (
				27FA30B5292C6F83004393E0 /* BizboardSample */,
			);
		};
/* End PBXProject section */

/* Begin PBXResourcesBuildPhase section */
		27FA30B4292C6F83004393E0 /* Resources */ = {
			isa = PBXResourcesBuildPhase;
			buildActionMask = 2147483647;
			files = (
				27FA30C9292C6F84004393E0 /* LaunchScreen.storyboard in Resources */,
				27FA30C6292C6F84004393E0 /* Assets.xcassets in Resources */,
				27FA30C4292C6F83004393E0 /* Main.storyboard in Resources */,
			);
			runOnlyForDeploymentPostprocessing = 0;
		};
/* End PBXResourcesBuildPhase section */

/* Begin PBXSourcesBuildPhase section */
		27FA30B2292C6F83004393E0 /* Sources */ = {
			isa = PBXSourcesBuildPhase;
			buildActionMask = 2147483647;
			files = (
				27FA30C1292C6F83004393E0 /* ViewController.m in Sources */,
				27FA30BB292C6F83004393E0 /* AppDelegate.m in Sources */,
				27E9C18E292C9C1D00EFC069 /* ViewTypeController.m in Sources */,
				27FA30CC292C6F84004393E0 /* main.m in Sources */,
				27FA30BE292C6F83004393E0 /* SceneDelegate.m in Sources */,
				27E9C191292C9C2B00EFC069 /* CellTypeController.m in Sources */,
			);
			runOnlyForDeploymentPostprocessing = 0;
		};
/* End PBXSourcesBuildPhase section */

/* Begin PBXVariantGroup section */
		27FA30C2292C6F83004393E0 /* Main.storyboard */ = {
			isa = PBXVariantGroup;
			children = (
				27FA30C3292C6F83004393E0 /* Base */,
			);
			name = Main.storyboard;
			sourceTree = "<group>";
		};
		27FA30C7292C6F84004393E0 /* LaunchScreen.storyboard */ = {
			isa = PBXVariantGroup;
			children = (
				27FA30C8292C6F84004393E0 /* Base */,
			);
			name = LaunchScreen.storyboard;
			sourceTree = "<group>";
		};
/* End PBXVariantGroup section */

/* Begin XCBuildConfiguration section */
		27FA30CD292C6F84004393E0 /* Debug */ = {
			isa = XCBuildConfiguration;
			buildSettings = {
				ALWAYS_SEARCH_USER_PATHS = NO;
				CLANG_ANALYZER_NONNULL = YES;
				CLANG_ANALYZER_NUMBER_OBJECT_CONVERSION = YES_AGGRESSIVE;
				CLANG_CXX_LANGUAGE_STANDARD = "gnu++20";
				CLANG_ENABLE_MODULES = YES;
				CLANG_ENABLE_OBJC_ARC = YES;
				CLANG_ENABLE_OBJC_WEAK = YES;
				CLANG_WARN_BLOCK_CAPTURE_AUTORELEASING = YES;
				CLANG_WARN_BOOL_CONVERSION = YES;
				CLANG_WARN_COMMA = YES;
				CLANG_WARN_CONSTANT_CONVERSION = YES;
				CLANG_WARN_DEPRECATED_OBJC_IMPLEMENTATIONS = YES;
				CLANG_WARN_DIRECT_OBJC_ISA_USAGE = YES_ERROR;
				CLANG_WARN_DOCUMENTATION_COMMENTS = YES;
				CLANG_WARN_EMPTY_BODY = YES;
				CLANG_WARN_ENUM_CONVERSION = YES;
				CLANG_WARN_INFINITE_RECURSION = YES;
				CLANG_WARN_INT_CONVERSION = YES;
				CLANG_WARN_NON_LITERAL_NULL_CONVERSION = YES;
				CLANG_WARN_OBJC_IMPLICIT_RETAIN_SELF = YES;
				CLANG_WARN_OBJC_LITERAL_CONVERSION = YES;
				CLANG_WARN_OBJC_ROOT_CLASS = YES_ERROR;
				CLANG_WARN_QUOTED_INCLUDE_IN_FRAMEWORK_HEADER = YES;
				CLANG_WARN_RANGE_LOOP_ANALYSIS = YES;
				CLANG_WARN_STRICT_PROTOTYPES = YES;
				CLANG_WARN_SUSPICIOUS_MOVE = YES;
				CLANG_WARN_UNGUARDED_AVAILABILITY = YES_AGGRESSIVE;
				CLANG_WARN_UNREACHABLE_CODE = YES;
				CLANG_WARN__DUPLICATE_METHOD_MATCH = YES;
				COPY_PHASE_STRIP = NO;
				DEBUG_INFORMATION_FORMAT = dwarf;
				ENABLE_STRICT_OBJC_MSGSEND = YES;
				ENABLE_TESTABILITY = YES;
				GCC_C_LANGUAGE_STANDARD = gnu11;
				GCC_DYNAMIC_NO_PIC = NO;
				GCC_NO_COMMON_BLOCKS = YES;
				GCC_OPTIMIZATION_LEVEL = 0;
				GCC_PREPROCESSOR_DEFINITIONS = (
					"DEBUG=1",
					"$(inherited)",
				);
				GCC_WARN_64_TO_32_BIT_CONVERSION = YES;
				GCC_WARN_ABOUT_RETURN_TYPE = YES_ERROR;
				GCC_WARN_UNDECLARED_SELECTOR = YES;
				GCC_WARN_UNINITIALIZED_AUTOS = YES_AGGRESSIVE;
				GCC_WARN_UNUSED_FUNCTION = YES;
				GCC_WARN_UNUSED_VARIABLE = YES;
				IPHONEOS_DEPLOYMENT_TARGET = 16.0;
				MTL_ENABLE_DEBUG_INFO = INCLUDE_SOURCE;
				MTL_FAST_MATH = YES;
				ONLY_ACTIVE_ARCH = YES;
				SDKROOT = iphoneos;
			};
			name = Debug;
		};
		27FA30CE292C6F84004393E0 /* Release */ = {
			isa = XCBuildConfiguration;
			buildSettings = {
				ALWAYS_SEARCH_USER_PATHS = NO;
				CLANG_ANALYZER_NONNULL = YES;
				CLANG_ANALYZER_NUMBER_OBJECT_CONVERSION = YES_AGGRESSIVE;
				CLANG_CXX_LANGUAGE_STANDARD = "gnu++20";
				CLANG_ENABLE_MODULES = YES;
				CLANG_ENABLE_OBJC_ARC = YES;
				CLANG_ENABLE_OBJC_WEAK = YES;
				CLANG_WARN_BLOCK_CAPTURE_AUTORELEASING = YES;
				CLANG_WARN_BOOL_CONVERSION = YES;
				CLANG_WARN_COMMA = YES;
				CLANG_WARN_CONSTANT_CONVERSION = YES;
				CLANG_WARN_DEPRECATED_OBJC_IMPLEMENTATIONS = YES;
				CLANG_WARN_DIRECT_OBJC_ISA_USAGE = YES_ERROR;
				CLANG_WARN_DOCUMENTATION_COMMENTS = YES;
				CLANG_WARN_EMPTY_BODY = YES;
				CLANG_WARN_ENUM_CONVERSION = YES;
				CLANG_WARN_INFINITE_RECURSION = YES;
				CLANG_WARN_INT_CONVERSION = YES;
				CLANG_WARN_NON_LITERAL_NULL_CONVERSION = YES;
				CLANG_WARN_OBJC_IMPLICIT_RETAIN_SELF = YES;
				CLANG_WARN_OBJC_LITERAL_CONVERSION = YES;
				CLANG_WARN_OBJC_ROOT_CLASS = YES_ERROR;
				CLANG_WARN_QUOTED_INCLUDE_IN_FRAMEWORK_HEADER = YES;
				CLANG_WARN_RANGE_LOOP_ANALYSIS = YES;
				CLANG_WARN_STRICT_PROTOTYPES = YES;
				CLANG_WARN_SUSPICIOUS_MOVE = YES;
				CLANG_WARN_UNGUARDED_AVAILABILITY = YES_AGGRESSIVE;
				CLANG_WARN_UNREACHABLE_CODE = YES;
				CLANG_WARN__DUPLICATE_METHOD_MATCH = YES;
				COPY_PHASE_STRIP = NO;
				DEBUG_INFORMATION_FORMAT = "dwarf-with-dsym";
				ENABLE_NS_ASSERTIONS = NO;
				ENABLE_STRICT_OBJC_MSGSEND = YES;
				GCC_C_LANGUAGE_STANDARD = gnu11;
				GCC_NO_COMMON_BLOCKS = YES;
				GCC_WARN_64_TO_32_BIT_CONVERSION = YES;
				GCC_WARN_ABOUT_RETURN_TYPE = YES_ERROR;
				GCC_WARN_UNDECLARED_SELECTOR = YES;
				GCC_WARN_UNINITIALIZED_AUTOS = YES_AGGRESSIVE;
				GCC_WARN_UNUSED_FUNCTION = YES;
				GCC_WARN_UNUSED_VARIABLE = YES;
				IPHONEOS_DEPLOYMENT_TARGET = 16.0;
				MTL_ENABLE_DEBUG_INFO = NO;
				MTL_FAST_MATH = YES;
				SDKROOT = iphoneos;
				VALIDATE_PRODUCT = YES;
			};
			name = Release;
		};
		27FA30D0292C6F84004393E0 /* Debug */ = {
			isa = XCBuildConfiguration;
			buildSettings = {
				ASSETCATALOG_COMPILER_APPICON_NAME = AppIcon;
				ASSETCATALOG_COMPILER_GLOBAL_ACCENT_COLOR_NAME = AccentColor;
				CODE_SIGN_STYLE = Automatic;
				CURRENT_PROJECT_VERSION = 1;
				GENERATE_INFOPLIST_FILE = YES;
				INFOPLIST_FILE = BizboardSample/Info.plist;
				INFOPLIST_KEY_UIApplicationSupportsIndirectInputEvents = YES;
				INFOPLIST_KEY_UILaunchStoryboardName = LaunchScreen;
				INFOPLIST_KEY_UIMainStoryboardFile = Main;
				INFOPLIST_KEY_UISupportedInterfaceOrientations_iPad = "UIInterfaceOrientationPortrait UIInterfaceOrientationPortraitUpsideDown UIInterfaceOrientationLandscapeLeft UIInterfaceOrientationLandscapeRight";
				INFOPLIST_KEY_UISupportedInterfaceOrientations_iPhone = "UIInterfaceOrientationPortrait UIInterfaceOrientationLandscapeLeft UIInterfaceOrientationLandscapeRight";
				LD_RUNPATH_SEARCH_PATHS = (
					"$(inherited)",
					"@executable_path/Frameworks",
				);
				MARKETING_VERSION = 1.0;
				PRODUCT_BUNDLE_IDENTIFIER = kakao.BizboardSample;
				PRODUCT_NAME = "$(TARGET_NAME)";
				SUPPORTED_PLATFORMS = "iphoneos iphonesimulator";
				SUPPORTS_MACCATALYST = NO;
				SUPPORTS_MAC_DESIGNED_FOR_IPHONE_IPAD = NO;
				SWIFT_EMIT_LOC_STRINGS = YES;
				TARGETED_DEVICE_FAMILY = 1;
			};
			name = Debug;
		};
		27FA30D1292C6F84004393E0 /* Release */ = {
			isa = XCBuildConfiguration;
			buildSettings = {
				ASSETCATALOG_COMPILER_APPICON_NAME = AppIcon;
				ASSETCATALOG_COMPILER_GLOBAL_ACCENT_COLOR_NAME = AccentColor;
				CODE_SIGN_STYLE = Automatic;
				CURRENT_PROJECT_VERSION = 1;
				GENERATE_INFOPLIST_FILE = YES;
				INFOPLIST_FILE = BizboardSample/Info.plist;
				INFOPLIST_KEY_UIApplicationSupportsIndirectInputEvents = YES;
				INFOPLIST_KEY_UILaunchStoryboardName = LaunchScreen;
				INFOPLIST_KEY_UIMainStoryboardFile = Main;
				INFOPLIST_KEY_UISupportedInterfaceOrientations_iPad = "UIInterfaceOrientationPortrait UIInterfaceOrientationPortraitUpsideDown UIInterfaceOrientationLandscapeLeft UIInterfaceOrientationLandscapeRight";
				INFOPLIST_KEY_UISupportedInterfaceOrientations_iPhone = "UIInterfaceOrientationPortrait UIInterfaceOrientationLandscapeLeft UIInterfaceOrientationLandscapeRight";
				LD_RUNPATH_SEARCH_PATHS = (
					"$(inherited)",
					"@executable_path/Frameworks",
				);
				MARKETING_VERSION = 1.0;
				PRODUCT_BUNDLE_IDENTIFIER = kakao.BizboardSample;
				PRODUCT_NAME = "$(TARGET_NAME)";
				SUPPORTED_PLATFORMS = "iphoneos iphonesimulator";
				SUPPORTS_MACCATALYST = NO;
				SUPPORTS_MAC_DESIGNED_FOR_IPHONE_IPAD = NO;
				SWIFT_EMIT_LOC_STRINGS = YES;
				TARGETED_DEVICE_FAMILY = 1;
			};
			name = Release;
		};
/* End XCBuildConfiguration section */

/* Begin XCConfigurationList section */
		27FA30B1292C6F83004393E0 /* Build configuration list for PBXProject "BizboardSample" */ = {
			isa = XCConfigurationList;
			buildConfigurations = (
				27FA30CD292C6F84004393E0 /* Debug */,
				27FA30CE292C6F84004393E0 /* Release */,
			);
			defaultConfigurationIsVisible = 0;
			defaultConfigurationName = Release;
		};
		27FA30CF292C6F84004393E0 /* Build configuration list for PBXNativeTarget "BizboardSample" */ = {
			isa = XCConfigurationList;
			buildConfigurations = (
				27FA30D0292C6F84004393E0 /* Debug */,
				27FA30D1292C6F84004393E0 /* Release */,
			);
			defaultConfigurationIsVisible = 0;
			defaultConfigurationName = Release;
		};
/* End XCConfigurationList section */

/* Begin XCRemoteSwiftPackageReference section */
		270EECB32965725100DD60DB /* XCRemoteSwiftPackageReference "adfit-spm" */ = {
			isa = XCRemoteSwiftPackageReference;
			repositoryURL = "https://github.com/adfit/adfit-spm.git";
			requirement = {
				kind = exactVersion;
				version = 3.13.11;
			};
		};
/* End XCRemoteSwiftPackageReference section */

/* Begin XCSwiftPackageProductDependency section */
		270EECB42965725100DD60DB /* AdFitSDK */ = {
			isa = XCSwiftPackageProductDependency;
			package = 270EECB32965725100DD60DB /* XCRemoteSwiftPackageReference "adfit-spm" */;
			productName = AdFitSDK;
		};
/* End XCSwiftPackageProductDependency section */
	};
	rootObject = 27FA30AE292C6F83004393E0 /* Project object */;
}
