// !$*UTF8*$!
{
	archiveVersion = 1;
	classes = {
	};
	objectVersion = 48;
	objects = {

/* Begin PBXBuildFile section */
		2B1AC8E81FA9A687006F6311 /* AdFitSDK.framework in Frameworks */ = {isa = PBXBuildFile; fileRef = 2B1AC8E61FA9A65F006F6311 /* AdFitSDK.framework */; };
		2B1AC8E91FA9A687006F6311 /* AdFitSDK.framework in Embed Frameworks */ = {isa = PBXBuildFile; fileRef = 2B1AC8E61FA9A65F006F6311 /* AdFitSDK.framework */; settings = {ATTRIBUTES = (CodeSignOnCopy, RemoveHeadersOnCopy, ); }; };
		C257759C1FA1F3BD00F5FC0C /* AppDelegate.m in Sources */ = {isa = PBXBuildFile; fileRef = C257759B1FA1F3BD00F5FC0C /* AppDelegate.m */; };
		C257759F1FA1F3BD00F5FC0C /* ViewController.m in Sources */ = {isa = PBXBuildFile; fileRef = C257759E1FA1F3BD00F5FC0C /* ViewController.m */; };
		C25775A21FA1F3BD00F5FC0C /* Main.storyboard in Resources */ = {isa = PBXBuildFile; fileRef = C25775A01FA1F3BD00F5FC0C /* Main.storyboard */; };
		C25775A41FA1F3BD00F5FC0C /* Assets.xcassets in Resources */ = {isa = PBXBuildFile; fileRef = C25775A31FA1F3BD00F5FC0C /* Assets.xcassets */; };
		C25775A71FA1F3BD00F5FC0C /* LaunchScreen.storyboard in Resources */ = {isa = PBXBuildFile; fileRef = C25775A51FA1F3BD00F5FC0C /* LaunchScreen.storyboard */; };
		C25775AA1FA1F3BD00F5FC0C /* main.m in Sources */ = {isa = PBXBuildFile; fileRef = C25775A91FA1F3BD00F5FC0C /* main.m */; };
/* End PBXBuildFile section */

/* Begin PBXCopyFilesBuildPhase section */
		C25775CC1FA1FB5700F5FC0C /* Embed Frameworks */ = {
			isa = PBXCopyFilesBuildPhase;
			buildActionMask = 2147483647;
			dstPath = "";
			dstSubfolderSpec = 10;
			files = (
				2B1AC8E91FA9A687006F6311 /* AdFitSDK.framework in Embed Frameworks */,
			);
			name = "Embed Frameworks";
			runOnlyForDeploymentPostprocessing = 0;
		};
/* End PBXCopyFilesBuildPhase section */

/* Begin PBXFileReference section */
		2B1AC8E61FA9A65F006F6311 /* AdFitSDK.framework */ = {isa = PBXFileReference; lastKnownFileType = wrapper.framework; path = AdFitSDK.framework; sourceTree = "<group>"; };
		C25775971FA1F3BD00F5FC0C /* BannerExample.app */ = {isa = PBXFileReference; explicitFileType = wrapper.application; includeInIndex = 0; path = BannerExample.app; sourceTree = BUILT_PRODUCTS_DIR; };
		C257759A1FA1F3BD00F5FC0C /* AppDelegate.h */ = {isa = PBXFileReference; lastKnownFileType = sourcecode.c.h; path = AppDelegate.h; sourceTree = "<group>"; };
		C257759B1FA1F3BD00F5FC0C /* AppDelegate.m */ = {isa = PBXFileReference; lastKnownFileType = sourcecode.c.objc; path = AppDelegate.m; sourceTree = "<group>"; };
		C257759D1FA1F3BD00F5FC0C /* ViewController.h */ = {isa = PBXFileReference; lastKnownFileType = sourcecode.c.h; path = ViewController.h; sourceTree = "<group>"; };
		C257759E1FA1F3BD00F5FC0C /* ViewController.m */ = {isa = PBXFileReference; lastKnownFileType = sourcecode.c.objc; path = ViewController.m; sourceTree = "<group>"; };
		C25775A11FA1F3BD00F5FC0C /* Base */ = {isa = PBXFileReference; lastKnownFileType = file.storyboard; name = Base; path = Base.lproj/Main.storyboard; sourceTree = "<group>"; };
		C25775A31FA1F3BD00F5FC0C /* Assets.xcassets */ = {isa = PBXFileReference; lastKnownFileType = folder.assetcatalog; path = Assets.xcassets; sourceTree = "<group>"; };
		C25775A61FA1F3BD00F5FC0C /* Base */ = {isa = PBXFileReference; lastKnownFileType = file.storyboard; name = Base; path = Base.lproj/LaunchScreen.storyboard; sourceTree = "<group>"; };
		C25775A81FA1F3BD00F5FC0C /* Info.plist */ = {isa = PBXFileReference; lastKnownFileType = text.plist.xml; path = Info.plist; sourceTree = "<group>"; };
		C25775A91FA1F3BD00F5FC0C /* main.m */ = {isa = PBXFileReference; lastKnownFileType = sourcecode.c.objc; path = main.m; sourceTree = "<group>"; };
/* End PBXFileReference section */

/* Begin PBXFrameworksBuildPhase section */
		C25775941FA1F3BD00F5FC0C /* Frameworks */ = {
			isa = PBXFrameworksBuildPhase;
			buildActionMask = 2147483647;
			files = (
				2B1AC8E81FA9A687006F6311 /* AdFitSDK.framework in Frameworks */,
			);
			runOnlyForDeploymentPostprocessing = 0;
		};
/* End PBXFrameworksBuildPhase section */

/* Begin PBXGroup section */
		2B1AC8E51FA9A65F006F6311 /* Frameworks */ = {
			isa = PBXGroup;
			children = (
				2B1AC8E61FA9A65F006F6311 /* AdFitSDK.framework */,
			);
			path = Frameworks;
			sourceTree = "<group>";
		};
		C257758E1FA1F3BD00F5FC0C = {
			isa = PBXGroup;
			children = (
				C25775991FA1F3BD00F5FC0C /* BannerExample */,
				C25775981FA1F3BD00F5FC0C /* Products */,
				2B1AC8E51FA9A65F006F6311 /* Frameworks */,
			);
			sourceTree = "<group>";
		};
		C25775981FA1F3BD00F5FC0C /* Products */ = {
			isa = PBXGroup;
			children = (
				C25775971FA1F3BD00F5FC0C /* BannerExample.app */,
			);
			name = Products;
			sourceTree = "<group>";
		};
		C25775991FA1F3BD00F5FC0C /* BannerExample */ = {
			isa = PBXGroup;
			children = (
				C257759A1FA1F3BD00F5FC0C /* AppDelegate.h */,
				C257759B1FA1F3BD00F5FC0C /* AppDelegate.m */,
				C257759D1FA1F3BD00F5FC0C /* ViewController.h */,
				C257759E1FA1F3BD00F5FC0C /* ViewController.m */,
				C25775A01FA1F3BD00F5FC0C /* Main.storyboard */,
				C25775A31FA1F3BD00F5FC0C /* Assets.xcassets */,
				C25775A51FA1F3BD00F5FC0C /* LaunchScreen.storyboard */,
				C25775A81FA1F3BD00F5FC0C /* Info.plist */,
				C25775A91FA1F3BD00F5FC0C /* main.m */,
			);
			path = BannerExample;
			sourceTree = "<group>";
		};
/* End PBXGroup section */

/* Begin PBXNativeTarget section */
		C25775961FA1F3BD00F5FC0C /* BannerExample */ = {
			isa = PBXNativeTarget;
			buildConfigurationList = C25775AD1FA1F3BD00F5FC0C /* Build configuration list for PBXNativeTarget "BannerExample" */;
			buildPhases = (
				C25775931FA1F3BD00F5FC0C /* Sources */,
				C25775941FA1F3BD00F5FC0C /* Frameworks */,
				C25775951FA1F3BD00F5FC0C /* Resources */,
				C25775CC1FA1FB5700F5FC0C /* Embed Frameworks */,
				2BF8981D1FCD85B600F8079D /* ShellScript */,
			);
			buildRules = (
			);
			dependencies = (
			);
			name = BannerExample;
			productName = BannerExample;
			productReference = C25775971FA1F3BD00F5FC0C /* BannerExample.app */;
			productType = "com.apple.product-type.application";
		};
/* End PBXNativeTarget section */

/* Begin PBXProject section */
		C257758F1FA1F3BD00F5FC0C /* Project object */ = {
			isa = PBXProject;
			attributes = {
				LastUpgradeCheck = 0900;
				ORGANIZATIONNAME = "Kakao Corp.";
				TargetAttributes = {
					C25775961FA1F3BD00F5FC0C = {
						CreatedOnToolsVersion = 9.0.1;
						ProvisioningStyle = Automatic;
					};
				};
			};
			buildConfigurationList = C25775921FA1F3BD00F5FC0C /* Build configuration list for PBXProject "BannerExample" */;
			compatibilityVersion = "Xcode 8.0";
			developmentRegion = en;
			hasScannedForEncodings = 0;
			knownRegions = (
				en,
				Base,
			);
			mainGroup = C257758E1FA1F3BD00F5FC0C;
			productRefGroup = C25775981FA1F3BD00F5FC0C /* Products */;
			projectDirPath = "";
			projectRoot = "";
			targets = (
				C25775961FA1F3BD00F5FC0C /* BannerExample */,
			);
		};
/* End PBXProject section */

/* Begin PBXResourcesBuildPhase section */
		C25775951FA1F3BD00F5FC0C /* Resources */ = {
			isa = PBXResourcesBuildPhase;
			buildActionMask = 2147483647;
			files = (
				C25775A71FA1F3BD00F5FC0C /* LaunchScreen.storyboard in Resources */,
				C25775A41FA1F3BD00F5FC0C /* Assets.xcassets in Resources */,
				C25775A21FA1F3BD00F5FC0C /* Main.storyboard in Resources */,
			);
			runOnlyForDeploymentPostprocessing = 0;
		};
/* End PBXResourcesBuildPhase section */

/* Begin PBXShellScriptBuildPhase section */
		2BF8981D1FCD85B600F8079D /* ShellScript */ = {
			isa = PBXShellScriptBuildPhase;
			buildActionMask = 2147483647;
			files = (
			);
			inputPaths = (
			);
			outputPaths = (
			);
			runOnlyForDeploymentPostprocessing = 0;
			shellPath = /bin/sh;
			shellScript = "bash \"${BUILT_PRODUCTS_DIR}/${FRAMEWORKS_FOLDER_PATH}/AdFitSDK.framework/strip-frameworks.sh\"";
		};
/* End PBXShellScriptBuildPhase section */

/* Begin PBXSourcesBuildPhase section */
		C25775931FA1F3BD00F5FC0C /* Sources */ = {
			isa = PBXSourcesBuildPhase;
			buildActionMask = 2147483647;
			files = (
				C257759F1FA1F3BD00F5FC0C /* ViewController.m in Sources */,
				C25775AA1FA1F3BD00F5FC0C /* main.m in Sources */,
				C257759C1FA1F3BD00F5FC0C /* AppDelegate.m in Sources */,
			);
			runOnlyForDeploymentPostprocessing = 0;
		};
/* End PBXSourcesBuildPhase section */

/* Begin PBXVariantGroup section */
		C25775A01FA1F3BD00F5FC0C /* Main.storyboard */ = {
			isa = PBXVariantGroup;
			children = (
				C25775A11FA1F3BD00F5FC0C /* Base */,
			);
			name = Main.storyboard;
			sourceTree = "<group>";
		};
		C25775A51FA1F3BD00F5FC0C /* LaunchScreen.storyboard */ = {
			isa = PBXVariantGroup;
			children = (
				C25775A61FA1F3BD00F5FC0C /* Base */,
			);
			name = LaunchScreen.storyboard;
			sourceTree = "<group>";
		};
/* End PBXVariantGroup section */

/* Begin XCBuildConfiguration section */
		C25775AB1FA1F3BD00F5FC0C /* Debug */ = {
			isa = XCBuildConfiguration;
			buildSettings = {
				ALWAYS_SEARCH_USER_PATHS = NO;
				CLANG_ANALYZER_NONNULL = YES;
				CLANG_ANALYZER_NUMBER_OBJECT_CONVERSION = YES_AGGRESSIVE;
				CLANG_CXX_LANGUAGE_STANDARD = "gnu++14";
				CLANG_CXX_LIBRARY = "libc++";
				CLANG_ENABLE_MODULES = YES;
				CLANG_ENABLE_OBJC_ARC = YES;
				CLANG_WARN_BLOCK_CAPTURE_AUTORELEASING = YES;
				CLANG_WARN_BOOL_CONVERSION = YES;
				CLANG_WARN_COMMA = YES;
				CLANG_WARN_CONSTANT_CONVERSION = YES;
				CLANG_WARN_DIRECT_OBJC_ISA_USAGE = YES_ERROR;
				CLANG_WARN_DOCUMENTATION_COMMENTS = YES;
				CLANG_WARN_EMPTY_BODY = YES;
				CLANG_WARN_ENUM_CONVERSION = YES;
				CLANG_WARN_INFINITE_RECURSION = YES;
				CLANG_WARN_INT_CONVERSION = YES;
				CLANG_WARN_NON_LITERAL_NULL_CONVERSION = YES;
				CLANG_WARN_OBJC_LITERAL_CONVERSION = YES;
				CLANG_WARN_OBJC_ROOT_CLASS = YES_ERROR;
				CLANG_WARN_RANGE_LOOP_ANALYSIS = YES;
				CLANG_WARN_STRICT_PROTOTYPES = YES;
				CLANG_WARN_SUSPICIOUS_MOVE = YES;
				CLANG_WARN_UNGUARDED_AVAILABILITY = YES_AGGRESSIVE;
				CLANG_WARN_UNREACHABLE_CODE = YES;
				CLANG_WARN__DUPLICATE_METHOD_MATCH = YES;
				CODE_SIGN_IDENTITY = "iPhone Developer";
				COPY_PHASE_STRIP = NO;
				DEBUG_INFORMATION_FORMAT = dwarf;
				ENABLE_STRICT_OBJC_MSGSEND = YES;
				ENABLE_TESTABILITY = YES;
				GCC_C_LANGUAGE_STANDARD = gnu11;
				GCC_DYNAMIC_NO_PIC = NO;
				GCC_NO_COMMON_BLOCKS = YES;
				GCC_OPTIMIZATION_LEVEL = 0;
				GCC_PREPROCESSOR_DEFINITIONS = (
					"DEBUG=1",
					"$(inherited)",
				);
				GCC_WARN_64_TO_32_BIT_CONVERSION = YES;
				GCC_WARN_ABOUT_RETURN_TYPE = YES_ERROR;
				GCC_WARN_UNDECLARED_SELECTOR = YES;
				GCC_WARN_UNINITIALIZED_AUTOS = YES_AGGRESSIVE;
				GCC_WARN_UNUSED_FUNCTION = YES;
				GCC_WARN_UNUSED_VARIABLE = YES;
				IPHONEOS_DEPLOYMENT_TARGET = 11.0;
				MTL_ENABLE_DEBUG_INFO = YES;
				ONLY_ACTIVE_ARCH = YES;
				SDKROOT = iphoneos;
			};
			name = Debug;
		};
		C25775AC1FA1F3BD00F5FC0C /* Release */ = {
			isa = XCBuildConfiguration;
			buildSettings = {
				ALWAYS_SEARCH_USER_PATHS = NO;
				CLANG_ANALYZER_NONNULL = YES;
				CLANG_ANALYZER_NUMBER_OBJECT_CONVERSION = YES_AGGRESSIVE;
				CLANG_CXX_LANGUAGE_STANDARD = "gnu++14";
				CLANG_CXX_LIBRARY = "libc++";
				CLANG_ENABLE_MODULES = YES;
				CLANG_ENABLE_OBJC_ARC = YES;
				CLANG_WARN_BLOCK_CAPTURE_AUTORELEASING = YES;
				CLANG_WARN_BOOL_CONVERSION = YES;
				CLANG_WARN_COMMA = YES;
				CLANG_WARN_CONSTANT_CONVERSION = YES;
				CLANG_WARN_DIRECT_OBJC_ISA_USAGE = YES_ERROR;
				CLANG_WARN_DOCUMENTATION_COMMENTS = YES;
				CLANG_WARN_EMPTY_BODY = YES;
				CLANG_WARN_ENUM_CONVERSION = YES;
				CLANG_WARN_INFINITE_RECURSION = YES;
				CLANG_WARN_INT_CONVERSION = YES;
				CLANG_WARN_NON_LITERAL_NULL_CONVERSION = YES;
				CLANG_WARN_OBJC_LITERAL_CONVERSION = YES;
				CLANG_WARN_OBJC_ROOT_CLASS = YES_ERROR;
				CLANG_WARN_RANGE_LOOP_ANALYSIS = YES;
				CLANG_WARN_STRICT_PROTOTYPES = YES;
				CLANG_WARN_SUSPICIOUS_MOVE = YES;
				CLANG_WARN_UNGUARDED_AVAILABILITY = YES_AGGRESSIVE;
				CLANG_WARN_UNREACHABLE_CODE = YES;
				CLANG_WARN__DUPLICATE_METHOD_MATCH = YES;
				CODE_SIGN_IDENTITY = "iPhone Developer";
				COPY_PHASE_STRIP = NO;
				DEBUG_INFORMATION_FORMAT = "dwarf-with-dsym";
				ENABLE_NS_ASSERTIONS = NO;
				ENABLE_STRICT_OBJC_MSGSEND = YES;
				GCC_C_LANGUAGE_STANDARD = gnu11;
				GCC_NO_COMMON_BLOCKS = YES;
				GCC_WARN_64_TO_32_BIT_CONVERSION = YES;
				GCC_WARN_ABOUT_RETURN_TYPE = YES_ERROR;
				GCC_WARN_UNDECLARED_SELECTOR = YES;
				GCC_WARN_UNINITIALIZED_AUTOS = YES_AGGRESSIVE;
				GCC_WARN_UNUSED_FUNCTION = YES;
				GCC_WARN_UNUSED_VARIABLE = YES;
				IPHONEOS_DEPLOYMENT_TARGET = 11.0;
				MTL_ENABLE_DEBUG_INFO = NO;
				SDKROOT = iphoneos;
				VALIDATE_PRODUCT = YES;
			};
			name = Release;
		};
		C25775AE1FA1F3BD00F5FC0C /* Debug */ = {
			isa = XCBuildConfiguration;
			buildSettings = {
				ALWAYS_EMBED_SWIFT_STANDARD_LIBRARIES = YES;
				ASSETCATALOG_COMPILER_APPICON_NAME = AppIcon;
				CODE_SIGN_STYLE = Automatic;
				DEVELOPMENT_TEAM = "";
				FRAMEWORK_SEARCH_PATHS = (
					"$(inherited)",
					"$(PROJECT_DIR)/Frameworks",
				);
				INFOPLIST_FILE = BannerExample/Info.plist;
				IPHONEOS_DEPLOYMENT_TARGET = 8.0;
				LD_RUNPATH_SEARCH_PATHS = "$(inherited) @executable_path/Frameworks";
				PRODUCT_BUNDLE_IDENTIFIER = com.kakao.adfit.BannerExample;
				PRODUCT_NAME = "$(TARGET_NAME)";
				TARGETED_DEVICE_FAMILY = "1,2";
			};
			name = Debug;
		};
		C25775AF1FA1F3BD00F5FC0C /* Release */ = {
			isa = XCBuildConfiguration;
			buildSettings = {
				ALWAYS_EMBED_SWIFT_STANDARD_LIBRARIES = YES;
				ASSETCATALOG_COMPILER_APPICON_NAME = AppIcon;
				CODE_SIGN_STYLE = Automatic;
				DEVELOPMENT_TEAM = "";
				FRAMEWORK_SEARCH_PATHS = (
					"$(inherited)",
					"$(PROJECT_DIR)/Frameworks",
				);
				INFOPLIST_FILE = BannerExample/Info.plist;
				IPHONEOS_DEPLOYMENT_TARGET = 8.0;
				LD_RUNPATH_SEARCH_PATHS = "$(inherited) @executable_path/Frameworks";
				PRODUCT_BUNDLE_IDENTIFIER = com.kakao.adfit.BannerExample;
				PRODUCT_NAME = "$(TARGET_NAME)";
				TARGETED_DEVICE_FAMILY = "1,2";
			};
			name = Release;
		};
/* End XCBuildConfiguration section */

/* Begin XCConfigurationList section */
		C25775921FA1F3BD00F5FC0C /* Build configuration list for PBXProject "BannerExample" */ = {
			isa = XCConfigurationList;
			buildConfigurations = (
				C25775AB1FA1F3BD00F5FC0C /* Debug */,
				C25775AC1FA1F3BD00F5FC0C /* Release */,
			);
			defaultConfigurationIsVisible = 0;
			defaultConfigurationName = Release;
		};
		C25775AD1FA1F3BD00F5FC0C /* Build configuration list for PBXNativeTarget "BannerExample" */ = {
			isa = XCConfigurationList;
			buildConfigurations = (
				C25775AE1FA1F3BD00F5FC0C /* Debug */,
				C25775AF1FA1F3BD00F5FC0C /* Release */,
			);
			defaultConfigurationIsVisible = 0;
			defaultConfigurationName = Release;
		};
/* End XCConfigurationList section */
	};
	rootObject = C257758F1FA1F3BD00F5FC0C /* Project object */;
}
