// !$*UTF8*$!
{
	archiveVersion = 1;
	classes = {
	};
	objectVersion = 56;
	objects = {

/* Begin PBXBuildFile section */
		27FA3107292C74FF004393E0 /* AppDelegate.swift in Sources */ = {isa = PBXBuildFile; fileRef = 27FA3106292C74FF004393E0 /* AppDelegate.swift */; };
		27FA3109292C74FF004393E0 /* SceneDelegate.swift in Sources */ = {isa = PBXBuildFile; fileRef = 27FA3108292C74FF004393E0 /* SceneDelegate.swift */; };
		27FA310B292C74FF004393E0 /* ViewController.swift in Sources */ = {isa = PBXBuildFile; fileRef = 27FA310A292C74FF004393E0 /* ViewController.swift */; };
		27FA310E292C74FF004393E0 /* Main.storyboard in Resources */ = {isa = PBXBuildFile; fileRef = 27FA310C292C74FF004393E0 /* Main.storyboard */; };
		27FA3110292C7500004393E0 /* Assets.xcassets in Resources */ = {isa = PBXBuildFile; fileRef = 27FA310F292C7500004393E0 /* Assets.xcassets */; };
		27FA3113292C7500004393E0 /* LaunchScreen.storyboard in Resources */ = {isa = PBXBuildFile; fileRef = 27FA3111292C7500004393E0 /* LaunchScreen.storyboard */; };
		27FA311E292C7BE8004393E0 /* AdFitSDK in Frameworks */ = {isa = PBXBuildFile; productRef = 27FA311D292C7BE8004393E0 /* AdFitSDK */; };
		27FA3120292C88E0004393E0 /* ViewTypeController.swift in Sources */ = {isa = PBXBuildFile; fileRef = 27FA311F292C88E0004393E0 /* ViewTypeController.swift */; };
		27FA3122292C88F0004393E0 /* CellTypeController.swift in Sources */ = {isa = PBXBuildFile; fileRef = 27FA3121292C88F0004393E0 /* CellTypeController.swift */; };
/* End PBXBuildFile section */

/* Begin PBXFileReference section */
		27FA3103292C74FF004393E0 /* BizBoardSample.app */ = {isa = PBXFileReference; explicitFileType = wrapper.application; includeInIndex = 0; path = BizBoardSample.app; sourceTree = BUILT_PRODUCTS_DIR; };
		27FA3106292C74FF004393E0 /* AppDelegate.swift */ = {isa = PBXFileReference; lastKnownFileType = sourcecode.swift; path = AppDelegate.swift; sourceTree = "<group>"; };
		27FA3108292C74FF004393E0 /* SceneDelegate.swift */ = {isa = PBXFileReference; lastKnownFileType = sourcecode.swift; path = SceneDelegate.swift; sourceTree = "<group>"; };
		27FA310A292C74FF004393E0 /* ViewController.swift */ = {isa = PBXFileReference; lastKnownFileType = sourcecode.swift; path = ViewController.swift; sourceTree = "<group>"; };
		27FA310D292C74FF004393E0 /* Base */ = {isa = PBXFileReference; lastKnownFileType = file.storyboard; name = Base; path = Base.lproj/Main.storyboard; sourceTree = "<group>"; };
		27FA310F292C7500004393E0 /* Assets.xcassets */ = {isa = PBXFileReference; lastKnownFileType = folder.assetcatalog; path = Assets.xcassets; sourceTree = "<group>"; };
		27FA3112292C7500004393E0 /* Base */ = {isa = PBXFileReference; lastKnownFileType = file.storyboard; name = Base; path = Base.lproj/LaunchScreen.storyboard; sourceTree = "<group>"; };
		27FA3114292C7500004393E0 /* Info.plist */ = {isa = PBXFileReference; lastKnownFileType = text.plist.xml; path = Info.plist; sourceTree = "<group>"; };
		27FA311F292C88E0004393E0 /* ViewTypeController.swift */ = {isa = PBXFileReference; lastKnownFileType = sourcecode.swift; path = ViewTypeController.swift; sourceTree = "<group>"; };
		27FA3121292C88F0004393E0 /* CellTypeController.swift */ = {isa = PBXFileReference; lastKnownFileType = sourcecode.swift; path = CellTypeController.swift; sourceTree = "<group>"; };
/* End PBXFileReference section */

/* Begin PBXFrameworksBuildPhase section */
		27FA3100292C74FF004393E0 /* Frameworks */ = {
			isa = PBXFrameworksBuildPhase;
			buildActionMask = 2147483647;
			files = (
				27FA311E292C7BE8004393E0 /* AdFitSDK in Frameworks */,
			);
			runOnlyForDeploymentPostprocessing = 0;
		};
/* End PBXFrameworksBuildPhase section */

/* Begin PBXGroup section */
		27FA30FA292C74FF004393E0 = {
			isa = PBXGroup;
			children = (
				27FA3105292C74FF004393E0 /* BizBoardSample */,
				27FA3104292C74FF004393E0 /* Products */,
			);
			sourceTree = "<group>";
		};
		27FA3104292C74FF004393E0 /* Products */ = {
			isa = PBXGroup;
			children = (
				27FA3103292C74FF004393E0 /* BizBoardSample.app */,
			);
			name = Products;
			sourceTree = "<group>";
		};
		27FA3105292C74FF004393E0 /* BizBoardSample */ = {
			isa = PBXGroup;
			children = (
				27FA3106292C74FF004393E0 /* AppDelegate.swift */,
				27FA3108292C74FF004393E0 /* SceneDelegate.swift */,
				27FA310A292C74FF004393E0 /* ViewController.swift */,
				27FA311F292C88E0004393E0 /* ViewTypeController.swift */,
				27FA3121292C88F0004393E0 /* CellTypeController.swift */,
				27FA310C292C74FF004393E0 /* Main.storyboard */,
				27FA310F292C7500004393E0 /* Assets.xcassets */,
				27FA3111292C7500004393E0 /* LaunchScreen.storyboard */,
				27FA3114292C7500004393E0 /* Info.plist */,
			);
			path = BizBoardSample;
			sourceTree = "<group>";
		};
/* End PBXGroup section */

/* Begin PBXNativeTarget section */
		27FA3102292C74FF004393E0 /* BizBoardSample */ = {
			isa = PBXNativeTarget;
			buildConfigurationList = 27FA3117292C7500004393E0 /* Build configuration list for PBXNativeTarget "BizBoardSample" */;
			buildPhases = (
				27FA30FF292C74FF004393E0 /* Sources */,
				27FA3100292C74FF004393E0 /* Frameworks */,
				27FA3101292C74FF004393E0 /* Resources */,
			);
			buildRules = (
			);
			dependencies = (
			);
			name = BizBoardSample;
			packageProductDependencies = (
				27FA311D292C7BE8004393E0 /* AdFitSDK */,
			);
			productName = BizBoardSample;
			productReference = 27FA3103292C74FF004393E0 /* BizBoardSample.app */;
			productType = "com.apple.product-type.application";
		};
/* End PBXNativeTarget section */

/* Begin PBXProject section */
		27FA30FB292C74FF004393E0 /* Project object */ = {
			isa = PBXProject;
			attributes = {
				BuildIndependentTargetsInParallel = 1;
				LastSwiftUpdateCheck = 1400;
				LastUpgradeCheck = 1400;
				TargetAttributes = {
					27FA3102292C74FF004393E0 = {
						CreatedOnToolsVersion = 14.0.1;
					};
				};
			};
			buildConfigurationList = 27FA30FE292C74FF004393E0 /* Build configuration list for PBXProject "BizBoardSample" */;
			compatibilityVersion = "Xcode 14.0";
			developmentRegion = en;
			hasScannedForEncodings = 0;
			knownRegions = (
				en,
				Base,
			);
			mainGroup = 27FA30FA292C74FF004393E0;
			packageReferences = (
				27FA311C292C7BE8004393E0 /* XCRemoteSwiftPackageReference "adfit-spm" */,
			);
			productRefGroup = 27FA3104292C74FF004393E0 /* Products */;
			projectDirPath = "";
			projectRoot = "";
			targets = (
				27FA3102292C74FF004393E0 /* BizBoardSample */,
			);
		};
/* End PBXProject section */

/* Begin PBXResourcesBuildPhase section */
		27FA3101292C74FF004393E0 /* Resources */ = {
			isa = PBXResourcesBuildPhase;
			buildActionMask = 2147483647;
			files = (
				27FA3113292C7500004393E0 /* LaunchScreen.storyboard in Resources */,
				27FA3110292C7500004393E0 /* Assets.xcassets in Resources */,
				27FA310E292C74FF004393E0 /* Main.storyboard in Resources */,
			);
			runOnlyForDeploymentPostprocessing = 0;
		};
/* End PBXResourcesBuildPhase section */

/* Begin PBXSourcesBuildPhase section */
		27FA30FF292C74FF004393E0 /* Sources */ = {
			isa = PBXSourcesBuildPhase;
			buildActionMask = 2147483647;
			files = (
				27FA310B292C74FF004393E0 /* ViewController.swift in Sources */,
				27FA3122292C88F0004393E0 /* CellTypeController.swift in Sources */,
				27FA3107292C74FF004393E0 /* AppDelegate.swift in Sources */,
				27FA3109292C74FF004393E0 /* SceneDelegate.swift in Sources */,
				27FA3120292C88E0004393E0 /* ViewTypeController.swift in Sources */,
			);
			runOnlyForDeploymentPostprocessing = 0;
		};
/* End PBXSourcesBuildPhase section */

/* Begin PBXVariantGroup section */
		27FA310C292C74FF004393E0 /* Main.storyboard */ = {
			isa = PBXVariantGroup;
			children = (
				27FA310D292C74FF004393E0 /* Base */,
			);
			name = Main.storyboard;
			sourceTree = "<group>";
		};
		27FA3111292C7500004393E0 /* LaunchScreen.storyboard */ = {
			isa = PBXVariantGroup;
			children = (
				27FA3112292C7500004393E0 /* Base */,
			);
			name = LaunchScreen.storyboard;
			sourceTree = "<group>";
		};
/* End PBXVariantGroup section */

/* Begin XCBuildConfiguration section */
		27FA3115292C7500004393E0 /* Debug */ = {
			isa = XCBuildConfiguration;
			buildSettings = {
				ALWAYS_SEARCH_USER_PATHS = NO;
				CLANG_ANALYZER_NONNULL = YES;
				CLANG_ANALYZER_NUMBER_OBJECT_CONVERSION = YES_AGGRESSIVE;
				CLANG_CXX_LANGUAGE_STANDARD = "gnu++20";
				CLANG_ENABLE_MODULES = YES;
				CLANG_ENABLE_OBJC_ARC = YES;
				CLANG_ENABLE_OBJC_WEAK = YES;
				CLANG_WARN_BLOCK_CAPTURE_AUTORELEASING = YES;
				CLANG_WARN_BOOL_CONVERSION = YES;
				CLANG_WARN_COMMA = YES;
				CLANG_WARN_CONSTANT_CONVERSION = YES;
				CLANG_WARN_DEPRECATED_OBJC_IMPLEMENTATIONS = YES;
				CLANG_WARN_DIRECT_OBJC_ISA_USAGE = YES_ERROR;
				CLANG_WARN_DOCUMENTATION_COMMENTS = YES;
				CLANG_WARN_EMPTY_BODY = YES;
				CLANG_WARN_ENUM_CONVERSION = YES;
				CLANG_WARN_INFINITE_RECURSION = YES;
				CLANG_WARN_INT_CONVERSION = YES;
				CLANG_WARN_NON_LITERAL_NULL_CONVERSION = YES;
				CLANG_WARN_OBJC_IMPLICIT_RETAIN_SELF = YES;
				CLANG_WARN_OBJC_LITERAL_CONVERSION = YES;
				CLANG_WARN_OBJC_ROOT_CLASS = YES_ERROR;
				CLANG_WARN_QUOTED_INCLUDE_IN_FRAMEWORK_HEADER = YES;
				CLANG_WARN_RANGE_LOOP_ANALYSIS = YES;
				CLANG_WARN_STRICT_PROTOTYPES = YES;
				CLANG_WARN_SUSPICIOUS_MOVE = YES;
				CLANG_WARN_UNGUARDED_AVAILABILITY = YES_AGGRESSIVE;
				CLANG_WARN_UNREACHABLE_CODE = YES;
				CLANG_WARN__DUPLICATE_METHOD_MATCH = YES;
				COPY_PHASE_STRIP = NO;
				DEBUG_INFORMATION_FORMAT = dwarf;
				ENABLE_STRICT_OBJC_MSGSEND = YES;
				ENABLE_TESTABILITY = YES;
				GCC_C_LANGUAGE_STANDARD = gnu11;
				GCC_DYNAMIC_NO_PIC = NO;
				GCC_NO_COMMON_BLOCKS = YES;
				GCC_OPTIMIZATION_LEVEL = 0;
				GCC_PREPROCESSOR_DEFINITIONS = (
					"DEBUG=1",
					"$(inherited)",
				);
				GCC_WARN_64_TO_32_BIT_CONVERSION = YES;
				GCC_WARN_ABOUT_RETURN_TYPE = YES_ERROR;
				GCC_WARN_UNDECLARED_SELECTOR = YES;
				GCC_WARN_UNINITIALIZED_AUTOS = YES_AGGRESSIVE;
				GCC_WARN_UNUSED_FUNCTION = YES;
				GCC_WARN_UNUSED_VARIABLE = YES;
				IPHONEOS_DEPLOYMENT_TARGET = 16.0;
				MTL_ENABLE_DEBUG_INFO = INCLUDE_SOURCE;
				MTL_FAST_MATH = YES;
				ONLY_ACTIVE_ARCH = YES;
				SDKROOT = iphoneos;
				SWIFT_ACTIVE_COMPILATION_CONDITIONS = DEBUG;
				SWIFT_OPTIMIZATION_LEVEL = "-Onone";
			};
			name = Debug;
		};
		27FA3116292C7500004393E0 /* Release */ = {
			isa = XCBuildConfiguration;
			buildSettings = {
				ALWAYS_SEARCH_USER_PATHS = NO;
				CLANG_ANALYZER_NONNULL = YES;
				CLANG_ANALYZER_NUMBER_OBJECT_CONVERSION = YES_AGGRESSIVE;
				CLANG_CXX_LANGUAGE_STANDARD = "gnu++20";
				CLANG_ENABLE_MODULES = YES;
				CLANG_ENABLE_OBJC_ARC = YES;
				CLANG_ENABLE_OBJC_WEAK = YES;
				CLANG_WARN_BLOCK_CAPTURE_AUTORELEASING = YES;
				CLANG_WARN_BOOL_CONVERSION = YES;
				CLANG_WARN_COMMA = YES;
				CLANG_WARN_CONSTANT_CONVERSION = YES;
				CLANG_WARN_DEPRECATED_OBJC_IMPLEMENTATIONS = YES;
				CLANG_WARN_DIRECT_OBJC_ISA_USAGE = YES_ERROR;
				CLANG_WARN_DOCUMENTATION_COMMENTS = YES;
				CLANG_WARN_EMPTY_BODY = YES;
				CLANG_WARN_ENUM_CONVERSION = YES;
				CLANG_WARN_INFINITE_RECURSION = YES;
				CLANG_WARN_INT_CONVERSION = YES;
				CLANG_WARN_NON_LITERAL_NULL_CONVERSION = YES;
				CLANG_WARN_OBJC_IMPLICIT_RETAIN_SELF = YES;
				CLANG_WARN_OBJC_LITERAL_CONVERSION = YES;
				CLANG_WARN_OBJC_ROOT_CLASS = YES_ERROR;
				CLANG_WARN_QUOTED_INCLUDE_IN_FRAMEWORK_HEADER = YES;
				CLANG_WARN_RANGE_LOOP_ANALYSIS = YES;
				CLANG_WARN_STRICT_PROTOTYPES = YES;
				CLANG_WARN_SUSPICIOUS_MOVE = YES;
				CLANG_WARN_UNGUARDED_AVAILABILITY = YES_AGGRESSIVE;
				CLANG_WARN_UNREACHABLE_CODE = YES;
				CLANG_WARN__DUPLICATE_METHOD_MATCH = YES;
				COPY_PHASE_STRIP = NO;
				DEBUG_INFORMATION_FORMAT = "dwarf-with-dsym";
				ENABLE_NS_ASSERTIONS = NO;
				ENABLE_STRICT_OBJC_MSGSEND = YES;
				GCC_C_LANGUAGE_STANDARD = gnu11;
				GCC_NO_COMMON_BLOCKS = YES;
				GCC_WARN_64_TO_32_BIT_CONVERSION = YES;
				GCC_WARN_ABOUT_RETURN_TYPE = YES_ERROR;
				GCC_WARN_UNDECLARED_SELECTOR = YES;
				GCC_WARN_UNINITIALIZED_AUTOS = YES_AGGRESSIVE;
				GCC_WARN_UNUSED_FUNCTION = YES;
				GCC_WARN_UNUSED_VARIABLE = YES;
				IPHONEOS_DEPLOYMENT_TARGET = 16.0;
				MTL_ENABLE_DEBUG_INFO = NO;
				MTL_FAST_MATH = YES;
				SDKROOT = iphoneos;
				SWIFT_COMPILATION_MODE = wholemodule;
				SWIFT_OPTIMIZATION_LEVEL = "-O";
				VALIDATE_PRODUCT = YES;
			};
			name = Release;
		};
		27FA3118292C7500004393E0 /* Debug */ = {
			isa = XCBuildConfiguration;
			buildSettings = {
				ASSETCATALOG_COMPILER_APPICON_NAME = AppIcon;
				ASSETCATALOG_COMPILER_GLOBAL_ACCENT_COLOR_NAME = AccentColor;
				CODE_SIGN_STYLE = Automatic;
				CURRENT_PROJECT_VERSION = 1;
				GENERATE_INFOPLIST_FILE = YES;
				INFOPLIST_FILE = BizBoardSample/Info.plist;
				INFOPLIST_KEY_UIApplicationSupportsIndirectInputEvents = YES;
				INFOPLIST_KEY_UILaunchStoryboardName = LaunchScreen;
				INFOPLIST_KEY_UIMainStoryboardFile = Main;
				INFOPLIST_KEY_UISupportedInterfaceOrientations_iPad = "UIInterfaceOrientationPortrait UIInterfaceOrientationPortraitUpsideDown UIInterfaceOrientationLandscapeLeft UIInterfaceOrientationLandscapeRight";
				INFOPLIST_KEY_UISupportedInterfaceOrientations_iPhone = "UIInterfaceOrientationPortrait UIInterfaceOrientationLandscapeLeft UIInterfaceOrientationLandscapeRight";
				LD_RUNPATH_SEARCH_PATHS = (
					"$(inherited)",
					"@executable_path/Frameworks",
				);
				MARKETING_VERSION = 1.0;
				PRODUCT_BUNDLE_IDENTIFIER = kakao.BizBoardSample;
				PRODUCT_NAME = "$(TARGET_NAME)";
				SWIFT_EMIT_LOC_STRINGS = YES;
				SWIFT_VERSION = 5.0;
				TARGETED_DEVICE_FAMILY = "1,2";
			};
			name = Debug;
		};
		27FA3119292C7500004393E0 /* Release */ = {
			isa = XCBuildConfiguration;
			buildSettings = {
				ASSETCATALOG_COMPILER_APPICON_NAME = AppIcon;
				ASSETCATALOG_COMPILER_GLOBAL_ACCENT_COLOR_NAME = AccentColor;
				CODE_SIGN_STYLE = Automatic;
				CURRENT_PROJECT_VERSION = 1;
				GENERATE_INFOPLIST_FILE = YES;
				INFOPLIST_FILE = BizBoardSample/Info.plist;
				INFOPLIST_KEY_UIApplicationSupportsIndirectInputEvents = YES;
				INFOPLIST_KEY_UILaunchStoryboardName = LaunchScreen;
				INFOPLIST_KEY_UIMainStoryboardFile = Main;
				INFOPLIST_KEY_UISupportedInterfaceOrientations_iPad = "UIInterfaceOrientationPortrait UIInterfaceOrientationPortraitUpsideDown UIInterfaceOrientationLandscapeLeft UIInterfaceOrientationLandscapeRight";
				INFOPLIST_KEY_UISupportedInterfaceOrientations_iPhone = "UIInterfaceOrientationPortrait UIInterfaceOrientationLandscapeLeft UIInterfaceOrientationLandscapeRight";
				LD_RUNPATH_SEARCH_PATHS = (
					"$(inherited)",
					"@executable_path/Frameworks",
				);
				MARKETING_VERSION = 1.0;
				PRODUCT_BUNDLE_IDENTIFIER = kakao.BizBoardSample;
				PRODUCT_NAME = "$(TARGET_NAME)";
				SWIFT_EMIT_LOC_STRINGS = YES;
				SWIFT_VERSION = 5.0;
				TARGETED_DEVICE_FAMILY = "1,2";
			};
			name = Release;
		};
/* End XCBuildConfiguration section */

/* Begin XCConfigurationList section */
		27FA30FE292C74FF004393E0 /* Build configuration list for PBXProject "BizBoardSample" */ = {
			isa = XCConfigurationList;
			buildConfigurations = (
				27FA3115292C7500004393E0 /* Debug */,
				27FA3116292C7500004393E0 /* Release */,
			);
			defaultConfigurationIsVisible = 0;
			defaultConfigurationName = Release;
		};
		27FA3117292C7500004393E0 /* Build configuration list for PBXNativeTarget "BizBoardSample" */ = {
			isa = XCConfigurationList;
			buildConfigurations = (
				27FA3118292C7500004393E0 /* Debug */,
				27FA3119292C7500004393E0 /* Release */,
			);
			defaultConfigurationIsVisible = 0;
			defaultConfigurationName = Release;
		};
/* End XCConfigurationList section */

/* Begin XCRemoteSwiftPackageReference section */
		27FA311C292C7BE8004393E0 /* XCRemoteSwiftPackageReference "adfit-spm" */ = {
			isa = XCRemoteSwiftPackageReference;
			repositoryURL = "https://github.com/adfit/adfit-spm.git";
			requirement = {
				kind = exactVersion;
				version = 3.12.18;
			};
		};
/* End XCRemoteSwiftPackageReference section */

/* Begin XCSwiftPackageProductDependency section */
		27FA311D292C7BE8004393E0 /* AdFitSDK */ = {
			isa = XCSwiftPackageProductDependency;
			package = 27FA311C292C7BE8004393E0 /* XCRemoteSwiftPackageReference "adfit-spm" */;
			productName = AdFitSDK;
		};
/* End XCSwiftPackageProductDependency section */
	};
	rootObject = 27FA30FB292C74FF004393E0 /* Project object */;
}
